
Microsoft Visual Studio Solution File, Format Version 12.00
# Visual Studio Version 17
VisualStudioVersion = 17.0.31903.59
MinimumVisualStudioVersion = 10.0.40219.1
Project("{2150E333-8FDC-42A3-9474-1A3956D46DE8}") = "src", "src", "{9C4D94D3-E869-4BC3-9278-64069DCA3E0F}"
EndProject
Project("{FAE04EC0-301F-11D3-BF4B-00C04F79EFBC}") = "Chirp.Core", "src\Chirp.Core\Chirp.Core.csproj", "{2E1955DC-C656-4C61-BD8A-5570AB55D270}"
EndProject
Project("{FAE04EC0-301F-11D3-BF4B-00C04F79EFBC}") = "Chirp.Repository", "src\Chirp.Repository\Chirp.Repository.csproj", "{06AEA7E4-41EA-4DAD-B335-DCBDC8D08650}"
EndProject
Project("{FAE04EC0-301F-11D3-BF4B-00C04F79EFBC}") = "Chirp.Services", "src\Chirp.Services\Chirp.Services.csproj", "{DF95C0D9-7730-4A7C-8128-67FAA9DF9158}"
EndProject
Project("{FAE04EC0-301F-11D3-BF4B-00C04F79EFBC}") = "Chirp.Razor", "src\Chirp.Razor\Chirp.Razor.csproj", "{E1CE5C9D-D40A-4140-863A-0F4F5229C6C2}"
EndProject
Project("{2150E333-8FDC-42A3-9474-1A3956D46DE8}") = "test", "test", "{0F8E9D39-EF68-4205-AFF9-88E5292F5C20}"
EndProject
Project("{FAE04EC0-301F-11D3-BF4B-00C04F79EFBC}") = "ChirpRazor.Tests", "test\ChirpRazor.Tests\ChirpRazor.Tests.csproj", "{7B9B1EF2-66E3-4FD5-9298-F03CD5C16588}"
EndProject
Project("{FAE04EC0-301F-11D3-BF4B-00C04F79EFBC}") = "UI.Test", "test\UI.Test\UI.Test.csproj", "{12B1C18E-5184-41F0-AC7F-9033FB6FF6A0}"
EndProject
Global
	GlobalSection(SolutionConfigurationPlatforms) = preSolution
		Debug|Any CPU = Debug|Any CPU
		Release|Any CPU = Release|Any CPU
	EndGlobalSection
	GlobalSection(SolutionProperties) = preSolution
		HideSolutionNode = FALSE
	EndGlobalSection
	GlobalSection(ProjectConfigurationPlatforms) = postSolution
		{2E1955DC-C656-4C61-BD8A-5570AB55D270}.Debug|Any CPU.ActiveCfg = Debug|Any CPU
		{2E1955DC-C656-4C61-BD8A-5570AB55D270}.Debug|Any CPU.Build.0 = Debug|Any CPU
		{2E1955DC-C656-4C61-BD8A-5570AB55D270}.Release|Any CPU.ActiveCfg = Release|Any CPU
		{2E1955DC-C656-4C61-BD8A-5570AB55D270}.Release|Any CPU.Build.0 = Release|Any CPU
		{06AEA7E4-41EA-4DAD-B335-DCBDC8D08650}.Debug|Any CPU.ActiveCfg = Debug|Any CPU
		{06AEA7E4-41EA-4DAD-B335-DCBDC8D08650}.Debug|Any CPU.Build.0 = Debug|Any CPU
		{06AEA7E4-41EA-4DAD-B335-DCBDC8D08650}.Release|Any CPU.ActiveCfg = Release|Any CPU
		{06AEA7E4-41EA-4DAD-B335-DCBDC8D08650}.Release|Any CPU.Build.0 = Release|Any CPU
		{DF95C0D9-7730-4A7C-8128-67FAA9DF9158}.Debug|Any CPU.ActiveCfg = Debug|Any CPU
		{DF95C0D9-7730-4A7C-8128-67FAA9DF9158}.Debug|Any CPU.Build.0 = Debug|Any CPU
		{DF95C0D9-7730-4A7C-8128-67FAA9DF9158}.Release|Any CPU.ActiveCfg = Release|Any CPU
		{DF95C0D9-7730-4A7C-8128-67FAA9DF9158}.Release|Any CPU.Build.0 = Release|Any CPU
		{E1CE5C9D-D40A-4140-863A-0F4F5229C6C2}.Debug|Any CPU.ActiveCfg = Debug|Any CPU
		{E1CE5C9D-D40A-4140-863A-0F4F5229C6C2}.Debug|Any CPU.Build.0 = Debug|Any CPU
		{E1CE5C9D-D40A-4140-863A-0F4F5229C6C2}.Release|Any CPU.ActiveCfg = Release|Any CPU
		{E1CE5C9D-D40A-4140-863A-0F4F5229C6C2}.Release|Any CPU.Build.0 = Release|Any CPU
		{7B9B1EF2-66E3-4FD5-9298-F03CD5C16588}.Debug|Any CPU.ActiveCfg = Debug|Any CPU
		{7B9B1EF2-66E3-4FD5-9298-F03CD5C16588}.Debug|Any CPU.Build.0 = Debug|Any CPU
		{7B9B1EF2-66E3-4FD5-9298-F03CD5C16588}.Release|Any CPU.ActiveCfg = Release|Any CPU
		{7B9B1EF2-66E3-4FD5-9298-F03CD5C16588}.Release|Any CPU.Build.0 = Release|Any CPU
		{12B1C18E-5184-41F0-AC7F-9033FB6FF6A0}.Debug|Any CPU.ActiveCfg = Debug|Any CPU
		{12B1C18E-5184-41F0-AC7F-9033FB6FF6A0}.Debug|Any CPU.Build.0 = Debug|Any CPU
		{12B1C18E-5184-41F0-AC7F-9033FB6FF6A0}.Release|Any CPU.ActiveCfg = Release|Any CPU
		{12B1C18E-5184-41F0-AC7F-9033FB6FF6A0}.Release|Any CPU.Build.0 = Release|Any CPU
	EndGlobalSection
	GlobalSection(NestedProjects) = preSolution
		{2E1955DC-C656-4C61-BD8A-5570AB55D270} = {9C4D94D3-E869-4BC3-9278-64069DCA3E0F}
		{06AEA7E4-41EA-4DAD-B335-DCBDC8D08650} = {9C4D94D3-E869-4BC3-9278-64069DCA3E0F}
		{DF95C0D9-7730-4A7C-8128-67FAA9DF9158} = {9C4D94D3-E869-4BC3-9278-64069DCA3E0F}
		{E1CE5C9D-D40A-4140-863A-0F4F5229C6C2} = {9C4D94D3-E869-4BC3-9278-64069DCA3E0F}
		{7B9B1EF2-66E3-4FD5-9298-F03CD5C16588} = {0F8E9D39-EF68-4205-AFF9-88E5292F5C20}
		{12B1C18E-5184-41F0-AC7F-9033FB6FF6A0} = {0F8E9D39-EF68-4205-AFF9-88E5292F5C20}
	EndGlobalSection
EndGlobal
