
Microsoft Visual Studio Solution File, Format Version 12.00
# Visual Studio Version 17
VisualStudioVersion = 17.5.002.0
MinimumVisualStudioVersion = 10.0.40219.1
Project("{9A19103F-16F7-4668-BE54-9A1E7A4F7556}") = "Chirp", "Chirp.csproj", "{103D79AB-F128-4BBB-AB40-C8EA82931E9D}"
EndProject
Global
	GlobalSection(SolutionConfigurationPlatforms) = preSolution
		Debug|Any CPU = Debug|Any CPU
		Release|Any CPU = Release|Any CPU
	EndGlobalSection
	GlobalSection(ProjectConfigurationPlatforms) = postSolution
		{103D79AB-F128-4BBB-AB40-C8EA82931E9D}.Debug|Any CPU.ActiveCfg = Debug|Any CPU
		{103D79AB-F128-4BBB-AB40-C8EA82931E9D}.Debug|Any CPU.Build.0 = Debug|Any CPU
		{103D79AB-F128-4BBB-AB40-C8EA82931E9D}.Release|Any CPU.ActiveCfg = Release|Any CPU
		{103D79AB-F128-4BBB-AB40-C8EA82931E9D}.Release|Any CPU.Build.0 = Release|Any CPU
	EndGlobalSection
	GlobalSection(SolutionProperties) = preSolution
		HideSolutionNode = FALSE
	EndGlobalSection
	GlobalSection(ExtensibilityGlobals) = postSolution
		SolutionGuid = {0DAB6490-A952-409C-988C-C99ED8F5B5AC}
	EndGlobalSection
EndGlobal
