
Microsoft Visual Studio Solution File, Format Version 12.00
# Visual Studio Version 17
VisualStudioVersion = 17.0.31903.59
MinimumVisualStudioVersion = 10.0.40219.1
Project("{FAE04EC0-301F-11D3-BF4B-00C04F79EFBC}") = "Chirp", "Chirp.csproj", "{BAF1ADC6-106C-4B56-A363-F8D48D3DB894}"
EndProject
Project("{2150E333-8FDC-42A3-9474-1A3956D46DE8}") = "test", "test", "{DC99CD09-954F-4149-948C-0D05C0461247}"
EndProject
Project("{FAE04EC0-301F-11D3-BF4B-00C04F79EFBC}") = "Chirp.Tests", "test\Chirp.Tests\Chirp.Tests.csproj", "{E78EB21F-E77D-4213-AB8A-5FC2303C66D8}"
EndProject
Global
	GlobalSection(SolutionConfigurationPlatforms) = preSolution
		Debug|Any CPU = Debug|Any CPU
		Release|Any CPU = Release|Any CPU
	EndGlobalSection
	GlobalSection(SolutionProperties) = preSolution
		HideSolutionNode = FALSE
	EndGlobalSection
	GlobalSection(ProjectConfigurationPlatforms) = postSolution
		{BAF1ADC6-106C-4B56-A363-F8D48D3DB894}.Debug|Any CPU.ActiveCfg = Debug|Any CPU
		{BAF1ADC6-106C-4B56-A363-F8D48D3DB894}.Debug|Any CPU.Build.0 = Debug|Any CPU
		{BAF1ADC6-106C-4B56-A363-F8D48D3DB894}.Release|Any CPU.ActiveCfg = Release|Any CPU
		{BAF1ADC6-106C-4B56-A363-F8D48D3DB894}.Release|Any CPU.Build.0 = Release|Any CPU
		{E78EB21F-E77D-4213-AB8A-5FC2303C66D8}.Debug|Any CPU.ActiveCfg = Debug|Any CPU
		{E78EB21F-E77D-4213-AB8A-5FC2303C66D8}.Debug|Any CPU.Build.0 = Debug|Any CPU
		{E78EB21F-E77D-4213-AB8A-5FC2303C66D8}.Release|Any CPU.ActiveCfg = Release|Any CPU
		{E78EB21F-E77D-4213-AB8A-5FC2303C66D8}.Release|Any CPU.Build.0 = Release|Any CPU
	EndGlobalSection
	GlobalSection(NestedProjects) = preSolution
		{E78EB21F-E77D-4213-AB8A-5FC2303C66D8} = {DC99CD09-954F-4149-948C-0D05C0461247}
	EndGlobalSection
EndGlobal
